{
  "name": "enqueteiro",
  "version": "0.1.0",
  "lockfileVersion": 3,
  "requires": true,
  "packages": {
    "": {
      "name": "enqueteiro",
      "version": "0.1.0",
      "license": "MIT",
      "dependencies": {
        "@brtmvdl/backend": "^1.0.13"
      }
    },
    "node_modules/@brtmvdl/backend": {
      "version": "1.0.13",
      "resolved": "https://registry.npmjs.org/@brtmvdl/backend/-/backend-1.0.13.tgz",
      "integrity": "sha512-ge2rdMS2dsT00kfaLbV767NJxLD1/vLyWxYepoTNfnroE9p6ahSa/VScGuriHbX87CLROKI5MpN7vnamoKCk8Q==",
      "bin": {
        "backend": "bin/index.js"
      },
      "funding": {
        "url": "https://link.mercadopago.com.br/brtmvdl"
      }
    }
  }
}
