{
  "name": "enqueteiro",
  "version": "0.1.0",
  "lockfileVersion": 3,
  "requires": true,
  "packages": {
    "": {
      "name": "enqueteiro",
      "version": "0.1.0",
      "license": "MIT",
      "dependencies": {
        "@brtmvdl/backend": "^1.0.10"
      }
    },
    "node_modules/@brtmvdl/backend": {
      "version": "1.0.10",
      "resolved": "https://registry.npmjs.org/@brtmvdl/backend/-/backend-1.0.10.tgz",
      "integrity": "sha512-8FMBSVvs6mwuExBDfUbkaAffcPPnZUAbyvK+eK4Izm2tN7WvAgScbumWCxi1bONbWH7PLLVK9CbuyOnMmBW7xw==",
      "bin": {
        "backend": "bin/index.js"
      },
      "funding": {
        "url": "https://link.mercadopago.com.br/brtmvdl"
      }
    }
  }
}
